
Microsoft Visual Studio Solution File, Format Version 12.00
# Visual Studio Version 16
VisualStudioVersion = 16.0.30907.101
MinimumVisualStudioVersion = 10.0.40219.1
Project("{9A19103F-16F7-4668-BE54-9A1E7A4F7556}") = "ClassMetotDemo", "ClassMetotDemo\ClassMetotDemo.csproj", "{1F940740-FE00-46EB-BF3E-A499EFB5F3FE}"
EndProject
Project("{FAE04EC0-301F-11D3-BF4B-00C04F79EFBC}") = "GameApp", "GameApp\GameApp.csproj", "{C9ADAE1A-0D31-4006-B9FA-AE518840621C}"
EndProject
Global
	GlobalSection(SolutionConfigurationPlatforms) = preSolution
		Debug|Any CPU = Debug|Any CPU
		Release|Any CPU = Release|Any CPU
	EndGlobalSection
	GlobalSection(ProjectConfigurationPlatforms) = postSolution
		{1F940740-FE00-46EB-BF3E-A499EFB5F3FE}.Debug|Any CPU.ActiveCfg = Debug|Any CPU
		{1F940740-FE00-46EB-BF3E-A499EFB5F3FE}.Debug|Any CPU.Build.0 = Debug|Any CPU
		{1F940740-FE00-46EB-BF3E-A499EFB5F3FE}.Release|Any CPU.ActiveCfg = Release|Any CPU
		{1F940740-FE00-46EB-BF3E-A499EFB5F3FE}.Release|Any CPU.Build.0 = Release|Any CPU
		{C9ADAE1A-0D31-4006-B9FA-AE518840621C}.Debug|Any CPU.ActiveCfg = Debug|Any CPU
		{C9ADAE1A-0D31-4006-B9FA-AE518840621C}.Debug|Any CPU.Build.0 = Debug|Any CPU
		{C9ADAE1A-0D31-4006-B9FA-AE518840621C}.Release|Any CPU.ActiveCfg = Release|Any CPU
		{C9ADAE1A-0D31-4006-B9FA-AE518840621C}.Release|Any CPU.Build.0 = Release|Any CPU
	EndGlobalSection
	GlobalSection(SolutionProperties) = preSolution
		HideSolutionNode = FALSE
	EndGlobalSection
	GlobalSection(ExtensibilityGlobals) = postSolution
		SolutionGuid = {70C9A64D-2F61-490B-98B4-6D2CCA106B18}
	EndGlobalSection
EndGlobal
